
Microsoft Visual Studio Solution File, Format Version 12.00
# Visual Studio 15
VisualStudioVersion = 15.0.28307.645
MinimumVisualStudioVersion = 10.0.40219.1
Project("{2150E333-8FDC-42A3-9474-1A3956D46DE8}") = "LightEntites-CSharp", "LightEntites-CSharp", "{794AEF85-01A3-45E3-AAA2-29AF293CB8DC}"
EndProject
Project("{2150E333-8FDC-42A3-9474-1A3956D46DE8}") = "LightEntities-C++", "LightEntities-C++", "{5B5FE289-6304-4D92-BB64-66A71C75C76E}"
EndProject
Project("{8BC9CEB8-8B4A-11D0-8D11-00A0C91BC942}") = "LightEntities", "LightEntities-C++\LightEntities\LightEntities.vcxproj", "{7B13BC1B-E809-44C3-B287-DB87F0944E21}"
EndProject
Project("{FAE04EC0-301F-11D3-BF4B-00C04F79EFBC}") = "LightEntities", "LightEntities-CSharp\LightEntities\LightEntities.csproj", "{03F5686A-4D3A-49E1-97E8-BFA3B21CB904}"
EndProject
Project("{FAE04EC0-301F-11D3-BF4B-00C04F79EFBC}") = "TestUnit", "LightEntities-CSharp\TestUnit\TestUnit.csproj", "{82178227-00ED-4F8D-A146-0CB46E143AC0}"
EndProject
Global
	GlobalSection(SolutionConfigurationPlatforms) = preSolution
		Debug|Any CPU = Debug|Any CPU
		Debug|x64 = Debug|x64
		Debug|x86 = Debug|x86
		Release|Any CPU = Release|Any CPU
		Release|x64 = Release|x64
		Release|x86 = Release|x86
	EndGlobalSection
	GlobalSection(ProjectConfigurationPlatforms) = postSolution
		{7B13BC1B-E809-44C3-B287-DB87F0944E21}.Debug|Any CPU.ActiveCfg = Debug|Win32
		{7B13BC1B-E809-44C3-B287-DB87F0944E21}.Debug|x64.ActiveCfg = Debug|x64
		{7B13BC1B-E809-44C3-B287-DB87F0944E21}.Debug|x64.Build.0 = Debug|x64
		{7B13BC1B-E809-44C3-B287-DB87F0944E21}.Debug|x86.ActiveCfg = Debug|Win32
		{7B13BC1B-E809-44C3-B287-DB87F0944E21}.Debug|x86.Build.0 = Debug|Win32
		{7B13BC1B-E809-44C3-B287-DB87F0944E21}.Release|Any CPU.ActiveCfg = Release|Win32
		{7B13BC1B-E809-44C3-B287-DB87F0944E21}.Release|x64.ActiveCfg = Release|x64
		{7B13BC1B-E809-44C3-B287-DB87F0944E21}.Release|x64.Build.0 = Release|x64
		{7B13BC1B-E809-44C3-B287-DB87F0944E21}.Release|x86.ActiveCfg = Release|Win32
		{7B13BC1B-E809-44C3-B287-DB87F0944E21}.Release|x86.Build.0 = Release|Win32
		{03F5686A-4D3A-49E1-97E8-BFA3B21CB904}.Debug|Any CPU.ActiveCfg = Debug|Any CPU
		{03F5686A-4D3A-49E1-97E8-BFA3B21CB904}.Debug|Any CPU.Build.0 = Debug|Any CPU
		{03F5686A-4D3A-49E1-97E8-BFA3B21CB904}.Debug|x64.ActiveCfg = Debug|Any CPU
		{03F5686A-4D3A-49E1-97E8-BFA3B21CB904}.Debug|x64.Build.0 = Debug|Any CPU
		{03F5686A-4D3A-49E1-97E8-BFA3B21CB904}.Debug|x86.ActiveCfg = Debug|Any CPU
		{03F5686A-4D3A-49E1-97E8-BFA3B21CB904}.Debug|x86.Build.0 = Debug|Any CPU
		{03F5686A-4D3A-49E1-97E8-BFA3B21CB904}.Release|Any CPU.ActiveCfg = Release|Any CPU
		{03F5686A-4D3A-49E1-97E8-BFA3B21CB904}.Release|Any CPU.Build.0 = Release|Any CPU
		{03F5686A-4D3A-49E1-97E8-BFA3B21CB904}.Release|x64.ActiveCfg = Release|Any CPU
		{03F5686A-4D3A-49E1-97E8-BFA3B21CB904}.Release|x64.Build.0 = Release|Any CPU
		{03F5686A-4D3A-49E1-97E8-BFA3B21CB904}.Release|x86.ActiveCfg = Release|Any CPU
		{03F5686A-4D3A-49E1-97E8-BFA3B21CB904}.Release|x86.Build.0 = Release|Any CPU
		{82178227-00ED-4F8D-A146-0CB46E143AC0}.Debug|Any CPU.ActiveCfg = Debug|Any CPU
		{82178227-00ED-4F8D-A146-0CB46E143AC0}.Debug|Any CPU.Build.0 = Debug|Any CPU
		{82178227-00ED-4F8D-A146-0CB46E143AC0}.Debug|x64.ActiveCfg = Debug|Any CPU
		{82178227-00ED-4F8D-A146-0CB46E143AC0}.Debug|x64.Build.0 = Debug|Any CPU
		{82178227-00ED-4F8D-A146-0CB46E143AC0}.Debug|x86.ActiveCfg = Debug|Any CPU
		{82178227-00ED-4F8D-A146-0CB46E143AC0}.Debug|x86.Build.0 = Debug|Any CPU
		{82178227-00ED-4F8D-A146-0CB46E143AC0}.Release|Any CPU.ActiveCfg = Release|Any CPU
		{82178227-00ED-4F8D-A146-0CB46E143AC0}.Release|Any CPU.Build.0 = Release|Any CPU
		{82178227-00ED-4F8D-A146-0CB46E143AC0}.Release|x64.ActiveCfg = Release|Any CPU
		{82178227-00ED-4F8D-A146-0CB46E143AC0}.Release|x64.Build.0 = Release|Any CPU
		{82178227-00ED-4F8D-A146-0CB46E143AC0}.Release|x86.ActiveCfg = Release|Any CPU
		{82178227-00ED-4F8D-A146-0CB46E143AC0}.Release|x86.Build.0 = Release|Any CPU
	EndGlobalSection
	GlobalSection(SolutionProperties) = preSolution
		HideSolutionNode = FALSE
	EndGlobalSection
	GlobalSection(NestedProjects) = preSolution
		{7B13BC1B-E809-44C3-B287-DB87F0944E21} = {5B5FE289-6304-4D92-BB64-66A71C75C76E}
		{03F5686A-4D3A-49E1-97E8-BFA3B21CB904} = {794AEF85-01A3-45E3-AAA2-29AF293CB8DC}
		{82178227-00ED-4F8D-A146-0CB46E143AC0} = {794AEF85-01A3-45E3-AAA2-29AF293CB8DC}
	EndGlobalSection
	GlobalSection(ExtensibilityGlobals) = postSolution
		SolutionGuid = {77C79B24-6F8A-4471-B2C3-ACB4F965FBF0}
	EndGlobalSection
EndGlobal
