<?xml version="1.0" encoding="utf-8"?>
<Project ToolsVersion="4.0" xmlns="http://schemas.microsoft.com/developer/msbuild/2003">
  <ItemGroup>
    <Filter Include="Source Files">
      <UniqueIdentifier>{4FC737F1-C7A5-4376-A066-2A32D752A2FF}</UniqueIdentifier>
      <Extensions>cpp;c;cc;cxx;def;odl;idl;hpj;bat;asm;asmx</Extensions>
    </Filter>
    <Filter Include="Header Files">
      <UniqueIdentifier>{93995380-89BD-4b04-88EB-625FBE52EBFB}</UniqueIdentifier>
      <Extensions>h;hh;hpp;hxx;hm;inl;inc;ipp;xsd</Extensions>
    </Filter>
    <Filter Include="Resource Files">
      <UniqueIdentifier>{67DA6AB6-F800-4c08-8B7A-83BB121AAD01}</UniqueIdentifier>
      <Extensions>rc;ico;cur;bmp;dlg;rc2;rct;bin;rgs;gif;jpg;jpeg;jpe;resx;tiff;tif;png;wav;mfcribbon-ms</Extensions>
    </Filter>
    <Filter Include="Header Files\Component">
      <UniqueIdentifier>{f5f7ea88-6c8b-4fec-94b3-034ded25bd24}</UniqueIdentifier>
    </Filter>
    <Filter Include="Header Files\Tool">
      <UniqueIdentifier>{cf3e0534-2fbb-46e7-ac41-b53b9c58bb9f}</UniqueIdentifier>
    </Filter>
    <Filter Include="Header Files\Entity">
      <UniqueIdentifier>{ee879b12-be0d-440f-9c78-f0d0669a83f9}</UniqueIdentifier>
    </Filter>
    <Filter Include="Header Files\System">
      <UniqueIdentifier>{a4294177-a63b-4d5c-8257-734a03c7f81d}</UniqueIdentifier>
    </Filter>
  </ItemGroup>
  <ItemGroup>
    <ClCompile Include="main.cpp">
      <Filter>Source Files</Filter>
    </ClCompile>
  </ItemGroup>
  <ItemGroup>
    <ClInclude Include="Component\component_type.hpp">
      <Filter>Header Files\Component</Filter>
    </ClInclude>
    <ClInclude Include="utility.hpp">
      <Filter>Header Files</Filter>
    </ClInclude>
    <ClInclude Include="Component\component_info.hpp">
      <Filter>Header Files\Component</Filter>
    </ClInclude>
    <ClInclude Include="Tool\allocator.hpp">
      <Filter>Header Files\Tool</Filter>
    </ClInclude>
    <ClInclude Include="Entity\entity.hpp">
      <Filter>Header Files\Entity</Filter>
    </ClInclude>
    <ClInclude Include="Tool\bitset.hpp">
      <Filter>Header Files\Tool</Filter>
    </ClInclude>
    <ClInclude Include="Entity\pool.hpp">
      <Filter>Header Files\Entity</Filter>
    </ClInclude>
    <ClInclude Include="Tool\match.hpp">
      <Filter>Header Files\Tool</Filter>
    </ClInclude>
    <ClInclude Include="System\system.hpp">
      <Filter>Header Files\System</Filter>
    </ClInclude>
    <ClInclude Include="Entity\entities.hpp">
      <Filter>Header Files\Entity</Filter>
    </ClInclude>
  </ItemGroup>
</Project>